
Microsoft Visual Studio Solution File, Format Version 12.00
# Visual Studio Version 16
VisualStudioVersion = 16.0.30011.22
MinimumVisualStudioVersion = 10.0.40219.1
Project("{9A19103F-16F7-4668-BE54-9A1E7A4F7556}") = "TestExam2", "TestExam2\TestExam2.csproj", "{AD0400B2-3FFE-4C19-9216-47C15D07FF85}"
EndProject
Project("{FAE04EC0-301F-11D3-BF4B-00C04F79EFBC}") = "TestExam2UT", "TestExam2UT\TestExam2UT.csproj", "{09670EE9-269F-4E9B-B4C7-DA50A533510E}"
EndProject
Global
	GlobalSection(SolutionConfigurationPlatforms) = preSolution
		Debug|Any CPU = Debug|Any CPU
		Release|Any CPU = Release|Any CPU
	EndGlobalSection
	GlobalSection(ProjectConfigurationPlatforms) = postSolution
		{AD0400B2-3FFE-4C19-9216-47C15D07FF85}.Debug|Any CPU.ActiveCfg = Debug|Any CPU
		{AD0400B2-3FFE-4C19-9216-47C15D07FF85}.Debug|Any CPU.Build.0 = Debug|Any CPU
		{AD0400B2-3FFE-4C19-9216-47C15D07FF85}.Release|Any CPU.ActiveCfg = Release|Any CPU
		{AD0400B2-3FFE-4C19-9216-47C15D07FF85}.Release|Any CPU.Build.0 = Release|Any CPU
		{09670EE9-269F-4E9B-B4C7-DA50A533510E}.Debug|Any CPU.ActiveCfg = Debug|Any CPU
		{09670EE9-269F-4E9B-B4C7-DA50A533510E}.Debug|Any CPU.Build.0 = Debug|Any CPU
		{09670EE9-269F-4E9B-B4C7-DA50A533510E}.Release|Any CPU.ActiveCfg = Release|Any CPU
		{09670EE9-269F-4E9B-B4C7-DA50A533510E}.Release|Any CPU.Build.0 = Release|Any CPU
	EndGlobalSection
	GlobalSection(SolutionProperties) = preSolution
		HideSolutionNode = FALSE
	EndGlobalSection
	GlobalSection(ExtensibilityGlobals) = postSolution
		SolutionGuid = {D70D840C-8F30-4686-91FC-983102D4CDC3}
	EndGlobalSection
EndGlobal
